
Microsoft Visual Studio Solution File, Format Version 12.00
# Visual Studio Version 16
VisualStudioVersion = 16.0.30804.86
MinimumVisualStudioVersion = 10.0.40219.1
Project("{9A19103F-16F7-4668-BE54-9A1E7A4F7556}") = "Matrix.UnitTest", "UnitTest\Matrix.UnitTest\Matrix.UnitTest.csproj", "{FB17D596-492F-47DD-8858-C1F7F79E8F00}"
EndProject
Project("{9A19103F-16F7-4668-BE54-9A1E7A4F7556}") = "Matrix", "Matrix\Matrix.csproj", "{A218039F-D6C6-46B5-9FB1-6BAAC38E51B6}"
EndProject
Global
	GlobalSection(SolutionConfigurationPlatforms) = preSolution
		Debug|Any CPU = Debug|Any CPU
		Release|Any CPU = Release|Any CPU
	EndGlobalSection
	GlobalSection(ProjectConfigurationPlatforms) = postSolution
		{FB17D596-492F-47DD-8858-C1F7F79E8F00}.Debug|Any CPU.ActiveCfg = Debug|Any CPU
		{FB17D596-492F-47DD-8858-C1F7F79E8F00}.Debug|Any CPU.Build.0 = Debug|Any CPU
		{FB17D596-492F-47DD-8858-C1F7F79E8F00}.Release|Any CPU.ActiveCfg = Release|Any CPU
		{FB17D596-492F-47DD-8858-C1F7F79E8F00}.Release|Any CPU.Build.0 = Release|Any CPU
		{A218039F-D6C6-46B5-9FB1-6BAAC38E51B6}.Debug|Any CPU.ActiveCfg = Debug|Any CPU
		{A218039F-D6C6-46B5-9FB1-6BAAC38E51B6}.Debug|Any CPU.Build.0 = Debug|Any CPU
		{A218039F-D6C6-46B5-9FB1-6BAAC38E51B6}.Release|Any CPU.ActiveCfg = Release|Any CPU
		{A218039F-D6C6-46B5-9FB1-6BAAC38E51B6}.Release|Any CPU.Build.0 = Release|Any CPU
	EndGlobalSection
	GlobalSection(SolutionProperties) = preSolution
		HideSolutionNode = FALSE
	EndGlobalSection
	GlobalSection(ExtensibilityGlobals) = postSolution
		SolutionGuid = {783483E6-6FB8-4796-9ED8-C444024BA593}
	EndGlobalSection
EndGlobal
